
Microsoft Visual Studio Solution File, Format Version 12.00
# Visual Studio Version 16
VisualStudioVersion = 16.0.30225.117
MinimumVisualStudioVersion = 10.0.40219.1
Project("{FAE04EC0-301F-11D3-BF4B-00C04F79EFBC}") = "MSMQ_SQLServer_FormApp", "MSMQ_SQLServer_FormApp\MSMQ_SQLServer_FormApp.csproj", "{89C8ED4D-D5B1-42DB-9CA1-093D96801248}"
EndProject
Project("{FAE04EC0-301F-11D3-BF4B-00C04F79EFBC}") = "LINK_LIB", "sql_server_and_MSMQ_lib\LINK_LIB.csproj", "{BFC88BF3-79A2-4390-9810-4A3855C11D55}"
EndProject
Project("{FAE04EC0-301F-11D3-BF4B-00C04F79EFBC}") = "文档", "文档\文档.csproj", "{356BC06C-28AF-4419-9F1A-5E13E3936586}"
EndProject
Project("{FAE04EC0-301F-11D3-BF4B-00C04F79EFBC}") = "LinkerIint", "LinkerInit\LinkerIint.csproj", "{32019750-2E78-4DC7-8C42-826651869A85}"
EndProject
Project("{FAE04EC0-301F-11D3-BF4B-00C04F79EFBC}") = "ConnectSQL_SetupDatebase", "ConnectSQL_SetupDatebase\ConnectSQL_SetupDatebase.csproj", "{D87A8126-6824-450F-90FF-2B678DD7F99A}"
EndProject
Project("{FAE04EC0-301F-11D3-BF4B-00C04F79EFBC}") = "test", "test\test.csproj", "{398B2244-BAB7-4671-BA5C-707A84483254}"
EndProject
Project("{FAE04EC0-301F-11D3-BF4B-00C04F79EFBC}") = "SendMessageToMSMQ", "SendMessageToMSMQ\SendMessageToMSMQ.csproj", "{4A4C7A2C-E29F-466B-A8AC-A80160C4AC7A}"
EndProject
Project("{FAE04EC0-301F-11D3-BF4B-00C04F79EFBC}") = "Linker", "Linker\Linker.csproj", "{C2950C86-79F8-462F-8845-13495239DA63}"
EndProject
Project("{FAE04EC0-301F-11D3-BF4B-00C04F79EFBC}") = "Extension", "Extension\Extension.csproj", "{DC34919B-BEB8-4EC6-A853-9DBCB860E8C1}"
EndProject
Project("{FAE04EC0-301F-11D3-BF4B-00C04F79EFBC}") = "JEServer.SDk", "JEServer.SDk\JEServer.SDk.csproj", "{57276261-A7AF-40D3-97B3-9CA819146987}"
EndProject
Global
	GlobalSection(SolutionConfigurationPlatforms) = preSolution
		Debug|Any CPU = Debug|Any CPU
		Debug|x64 = Debug|x64
		Debug|x86 = Debug|x86
		Release|Any CPU = Release|Any CPU
		Release|x64 = Release|x64
		Release|x86 = Release|x86
	EndGlobalSection
	GlobalSection(ProjectConfigurationPlatforms) = postSolution
		{89C8ED4D-D5B1-42DB-9CA1-093D96801248}.Debug|Any CPU.ActiveCfg = Debug|Any CPU
		{89C8ED4D-D5B1-42DB-9CA1-093D96801248}.Debug|Any CPU.Build.0 = Debug|Any CPU
		{89C8ED4D-D5B1-42DB-9CA1-093D96801248}.Debug|x64.ActiveCfg = Debug|Any CPU
		{89C8ED4D-D5B1-42DB-9CA1-093D96801248}.Debug|x64.Build.0 = Debug|Any CPU
		{89C8ED4D-D5B1-42DB-9CA1-093D96801248}.Debug|x86.ActiveCfg = Debug|Any CPU
		{89C8ED4D-D5B1-42DB-9CA1-093D96801248}.Debug|x86.Build.0 = Debug|Any CPU
		{89C8ED4D-D5B1-42DB-9CA1-093D96801248}.Release|Any CPU.ActiveCfg = Release|Any CPU
		{89C8ED4D-D5B1-42DB-9CA1-093D96801248}.Release|Any CPU.Build.0 = Release|Any CPU
		{89C8ED4D-D5B1-42DB-9CA1-093D96801248}.Release|x64.ActiveCfg = Release|Any CPU
		{89C8ED4D-D5B1-42DB-9CA1-093D96801248}.Release|x64.Build.0 = Release|Any CPU
		{89C8ED4D-D5B1-42DB-9CA1-093D96801248}.Release|x86.ActiveCfg = Release|Any CPU
		{89C8ED4D-D5B1-42DB-9CA1-093D96801248}.Release|x86.Build.0 = Release|Any CPU
		{BFC88BF3-79A2-4390-9810-4A3855C11D55}.Debug|Any CPU.ActiveCfg = Debug|Any CPU
		{BFC88BF3-79A2-4390-9810-4A3855C11D55}.Debug|Any CPU.Build.0 = Debug|Any CPU
		{BFC88BF3-79A2-4390-9810-4A3855C11D55}.Debug|x64.ActiveCfg = Debug|Any CPU
		{BFC88BF3-79A2-4390-9810-4A3855C11D55}.Debug|x64.Build.0 = Debug|Any CPU
		{BFC88BF3-79A2-4390-9810-4A3855C11D55}.Debug|x86.ActiveCfg = Debug|Any CPU
		{BFC88BF3-79A2-4390-9810-4A3855C11D55}.Debug|x86.Build.0 = Debug|Any CPU
		{BFC88BF3-79A2-4390-9810-4A3855C11D55}.Release|Any CPU.ActiveCfg = Release|Any CPU
		{BFC88BF3-79A2-4390-9810-4A3855C11D55}.Release|Any CPU.Build.0 = Release|Any CPU
		{BFC88BF3-79A2-4390-9810-4A3855C11D55}.Release|x64.ActiveCfg = Release|Any CPU
		{BFC88BF3-79A2-4390-9810-4A3855C11D55}.Release|x64.Build.0 = Release|Any CPU
		{BFC88BF3-79A2-4390-9810-4A3855C11D55}.Release|x86.ActiveCfg = Release|Any CPU
		{BFC88BF3-79A2-4390-9810-4A3855C11D55}.Release|x86.Build.0 = Release|Any CPU
		{356BC06C-28AF-4419-9F1A-5E13E3936586}.Debug|Any CPU.ActiveCfg = Debug|Any CPU
		{356BC06C-28AF-4419-9F1A-5E13E3936586}.Debug|Any CPU.Build.0 = Debug|Any CPU
		{356BC06C-28AF-4419-9F1A-5E13E3936586}.Debug|x64.ActiveCfg = Debug|Any CPU
		{356BC06C-28AF-4419-9F1A-5E13E3936586}.Debug|x64.Build.0 = Debug|Any CPU
		{356BC06C-28AF-4419-9F1A-5E13E3936586}.Debug|x86.ActiveCfg = Debug|Any CPU
		{356BC06C-28AF-4419-9F1A-5E13E3936586}.Debug|x86.Build.0 = Debug|Any CPU
		{356BC06C-28AF-4419-9F1A-5E13E3936586}.Release|Any CPU.ActiveCfg = Release|Any CPU
		{356BC06C-28AF-4419-9F1A-5E13E3936586}.Release|Any CPU.Build.0 = Release|Any CPU
		{356BC06C-28AF-4419-9F1A-5E13E3936586}.Release|x64.ActiveCfg = Release|Any CPU
		{356BC06C-28AF-4419-9F1A-5E13E3936586}.Release|x64.Build.0 = Release|Any CPU
		{356BC06C-28AF-4419-9F1A-5E13E3936586}.Release|x86.ActiveCfg = Release|Any CPU
		{356BC06C-28AF-4419-9F1A-5E13E3936586}.Release|x86.Build.0 = Release|Any CPU
		{32019750-2E78-4DC7-8C42-826651869A85}.Debug|Any CPU.ActiveCfg = Debug|Any CPU
		{32019750-2E78-4DC7-8C42-826651869A85}.Debug|Any CPU.Build.0 = Debug|Any CPU
		{32019750-2E78-4DC7-8C42-826651869A85}.Debug|x64.ActiveCfg = Debug|Any CPU
		{32019750-2E78-4DC7-8C42-826651869A85}.Debug|x64.Build.0 = Debug|Any CPU
		{32019750-2E78-4DC7-8C42-826651869A85}.Debug|x86.ActiveCfg = Debug|Any CPU
		{32019750-2E78-4DC7-8C42-826651869A85}.Debug|x86.Build.0 = Debug|Any CPU
		{32019750-2E78-4DC7-8C42-826651869A85}.Release|Any CPU.ActiveCfg = Release|Any CPU
		{32019750-2E78-4DC7-8C42-826651869A85}.Release|Any CPU.Build.0 = Release|Any CPU
		{32019750-2E78-4DC7-8C42-826651869A85}.Release|x64.ActiveCfg = Release|Any CPU
		{32019750-2E78-4DC7-8C42-826651869A85}.Release|x64.Build.0 = Release|Any CPU
		{32019750-2E78-4DC7-8C42-826651869A85}.Release|x86.ActiveCfg = Release|Any CPU
		{32019750-2E78-4DC7-8C42-826651869A85}.Release|x86.Build.0 = Release|Any CPU
		{D87A8126-6824-450F-90FF-2B678DD7F99A}.Debug|Any CPU.ActiveCfg = Debug|Any CPU
		{D87A8126-6824-450F-90FF-2B678DD7F99A}.Debug|Any CPU.Build.0 = Debug|Any CPU
		{D87A8126-6824-450F-90FF-2B678DD7F99A}.Debug|x64.ActiveCfg = Debug|Any CPU
		{D87A8126-6824-450F-90FF-2B678DD7F99A}.Debug|x64.Build.0 = Debug|Any CPU
		{D87A8126-6824-450F-90FF-2B678DD7F99A}.Debug|x86.ActiveCfg = Debug|Any CPU
		{D87A8126-6824-450F-90FF-2B678DD7F99A}.Debug|x86.Build.0 = Debug|Any CPU
		{D87A8126-6824-450F-90FF-2B678DD7F99A}.Release|Any CPU.ActiveCfg = Release|Any CPU
		{D87A8126-6824-450F-90FF-2B678DD7F99A}.Release|Any CPU.Build.0 = Release|Any CPU
		{D87A8126-6824-450F-90FF-2B678DD7F99A}.Release|x64.ActiveCfg = Release|Any CPU
		{D87A8126-6824-450F-90FF-2B678DD7F99A}.Release|x64.Build.0 = Release|Any CPU
		{D87A8126-6824-450F-90FF-2B678DD7F99A}.Release|x86.ActiveCfg = Release|Any CPU
		{D87A8126-6824-450F-90FF-2B678DD7F99A}.Release|x86.Build.0 = Release|Any CPU
		{398B2244-BAB7-4671-BA5C-707A84483254}.Debug|Any CPU.ActiveCfg = Debug|Any CPU
		{398B2244-BAB7-4671-BA5C-707A84483254}.Debug|Any CPU.Build.0 = Debug|Any CPU
		{398B2244-BAB7-4671-BA5C-707A84483254}.Debug|x64.ActiveCfg = Debug|Any CPU
		{398B2244-BAB7-4671-BA5C-707A84483254}.Debug|x64.Build.0 = Debug|Any CPU
		{398B2244-BAB7-4671-BA5C-707A84483254}.Debug|x86.ActiveCfg = Debug|Any CPU
		{398B2244-BAB7-4671-BA5C-707A84483254}.Debug|x86.Build.0 = Debug|Any CPU
		{398B2244-BAB7-4671-BA5C-707A84483254}.Release|Any CPU.ActiveCfg = Release|Any CPU
		{398B2244-BAB7-4671-BA5C-707A84483254}.Release|Any CPU.Build.0 = Release|Any CPU
		{398B2244-BAB7-4671-BA5C-707A84483254}.Release|x64.ActiveCfg = Release|Any CPU
		{398B2244-BAB7-4671-BA5C-707A84483254}.Release|x64.Build.0 = Release|Any CPU
		{398B2244-BAB7-4671-BA5C-707A84483254}.Release|x86.ActiveCfg = Release|Any CPU
		{398B2244-BAB7-4671-BA5C-707A84483254}.Release|x86.Build.0 = Release|Any CPU
		{4A4C7A2C-E29F-466B-A8AC-A80160C4AC7A}.Debug|Any CPU.ActiveCfg = Debug|Any CPU
		{4A4C7A2C-E29F-466B-A8AC-A80160C4AC7A}.Debug|Any CPU.Build.0 = Debug|Any CPU
		{4A4C7A2C-E29F-466B-A8AC-A80160C4AC7A}.Debug|x64.ActiveCfg = Debug|Any CPU
		{4A4C7A2C-E29F-466B-A8AC-A80160C4AC7A}.Debug|x64.Build.0 = Debug|Any CPU
		{4A4C7A2C-E29F-466B-A8AC-A80160C4AC7A}.Debug|x86.ActiveCfg = Debug|Any CPU
		{4A4C7A2C-E29F-466B-A8AC-A80160C4AC7A}.Debug|x86.Build.0 = Debug|Any CPU
		{4A4C7A2C-E29F-466B-A8AC-A80160C4AC7A}.Release|Any CPU.ActiveCfg = Release|Any CPU
		{4A4C7A2C-E29F-466B-A8AC-A80160C4AC7A}.Release|Any CPU.Build.0 = Release|Any CPU
		{4A4C7A2C-E29F-466B-A8AC-A80160C4AC7A}.Release|x64.ActiveCfg = Release|Any CPU
		{4A4C7A2C-E29F-466B-A8AC-A80160C4AC7A}.Release|x64.Build.0 = Release|Any CPU
		{4A4C7A2C-E29F-466B-A8AC-A80160C4AC7A}.Release|x86.ActiveCfg = Release|Any CPU
		{4A4C7A2C-E29F-466B-A8AC-A80160C4AC7A}.Release|x86.Build.0 = Release|Any CPU
		{C2950C86-79F8-462F-8845-13495239DA63}.Debug|Any CPU.ActiveCfg = Debug|Any CPU
		{C2950C86-79F8-462F-8845-13495239DA63}.Debug|Any CPU.Build.0 = Debug|Any CPU
		{C2950C86-79F8-462F-8845-13495239DA63}.Debug|x64.ActiveCfg = Debug|Any CPU
		{C2950C86-79F8-462F-8845-13495239DA63}.Debug|x64.Build.0 = Debug|Any CPU
		{C2950C86-79F8-462F-8845-13495239DA63}.Debug|x86.ActiveCfg = Debug|Any CPU
		{C2950C86-79F8-462F-8845-13495239DA63}.Debug|x86.Build.0 = Debug|Any CPU
		{C2950C86-79F8-462F-8845-13495239DA63}.Release|Any CPU.ActiveCfg = Release|Any CPU
		{C2950C86-79F8-462F-8845-13495239DA63}.Release|Any CPU.Build.0 = Release|Any CPU
		{C2950C86-79F8-462F-8845-13495239DA63}.Release|x64.ActiveCfg = Release|Any CPU
		{C2950C86-79F8-462F-8845-13495239DA63}.Release|x64.Build.0 = Release|Any CPU
		{C2950C86-79F8-462F-8845-13495239DA63}.Release|x86.ActiveCfg = Release|Any CPU
		{C2950C86-79F8-462F-8845-13495239DA63}.Release|x86.Build.0 = Release|Any CPU
		{DC34919B-BEB8-4EC6-A853-9DBCB860E8C1}.Debug|Any CPU.ActiveCfg = Debug|Any CPU
		{DC34919B-BEB8-4EC6-A853-9DBCB860E8C1}.Debug|Any CPU.Build.0 = Debug|Any CPU
		{DC34919B-BEB8-4EC6-A853-9DBCB860E8C1}.Debug|x64.ActiveCfg = Debug|Any CPU
		{DC34919B-BEB8-4EC6-A853-9DBCB860E8C1}.Debug|x64.Build.0 = Debug|Any CPU
		{DC34919B-BEB8-4EC6-A853-9DBCB860E8C1}.Debug|x86.ActiveCfg = Debug|Any CPU
		{DC34919B-BEB8-4EC6-A853-9DBCB860E8C1}.Debug|x86.Build.0 = Debug|Any CPU
		{DC34919B-BEB8-4EC6-A853-9DBCB860E8C1}.Release|Any CPU.ActiveCfg = Release|Any CPU
		{DC34919B-BEB8-4EC6-A853-9DBCB860E8C1}.Release|Any CPU.Build.0 = Release|Any CPU
		{DC34919B-BEB8-4EC6-A853-9DBCB860E8C1}.Release|x64.ActiveCfg = Release|Any CPU
		{DC34919B-BEB8-4EC6-A853-9DBCB860E8C1}.Release|x64.Build.0 = Release|Any CPU
		{DC34919B-BEB8-4EC6-A853-9DBCB860E8C1}.Release|x86.ActiveCfg = Release|Any CPU
		{DC34919B-BEB8-4EC6-A853-9DBCB860E8C1}.Release|x86.Build.0 = Release|Any CPU
		{57276261-A7AF-40D3-97B3-9CA819146987}.Debug|Any CPU.ActiveCfg = Debug|Any CPU
		{57276261-A7AF-40D3-97B3-9CA819146987}.Debug|Any CPU.Build.0 = Debug|Any CPU
		{57276261-A7AF-40D3-97B3-9CA819146987}.Debug|x64.ActiveCfg = Debug|Any CPU
		{57276261-A7AF-40D3-97B3-9CA819146987}.Debug|x64.Build.0 = Debug|Any CPU
		{57276261-A7AF-40D3-97B3-9CA819146987}.Debug|x86.ActiveCfg = Debug|Any CPU
		{57276261-A7AF-40D3-97B3-9CA819146987}.Debug|x86.Build.0 = Debug|Any CPU
		{57276261-A7AF-40D3-97B3-9CA819146987}.Release|Any CPU.ActiveCfg = Release|Any CPU
		{57276261-A7AF-40D3-97B3-9CA819146987}.Release|Any CPU.Build.0 = Release|Any CPU
		{57276261-A7AF-40D3-97B3-9CA819146987}.Release|x64.ActiveCfg = Release|Any CPU
		{57276261-A7AF-40D3-97B3-9CA819146987}.Release|x64.Build.0 = Release|Any CPU
		{57276261-A7AF-40D3-97B3-9CA819146987}.Release|x86.ActiveCfg = Release|Any CPU
		{57276261-A7AF-40D3-97B3-9CA819146987}.Release|x86.Build.0 = Release|Any CPU
	EndGlobalSection
	GlobalSection(SolutionProperties) = preSolution
		HideSolutionNode = FALSE
	EndGlobalSection
	GlobalSection(ExtensibilityGlobals) = postSolution
		SolutionGuid = {7C777DF6-F8E5-473D-8C92-E5E9F6A744E0}
	EndGlobalSection
EndGlobal
